// !$*UTF8*$!
{
	archiveVersion = 1;
	classes = {
	};
	objectVersion = 46;
	objects = {

/* Begin PBXBuildFile section */
		31C3EFF11ADCBE370065FC69 /* AppDelegate.swift in Sources */ = {isa = PBXBuildFile; fileRef = 31C3EFF01ADCBE370065FC69 /* AppDelegate.swift */; };
		31C3EFF31ADCBE370065FC69 /* ViewController.swift in Sources */ = {isa = PBXBuildFile; fileRef = 31C3EFF21ADCBE370065FC69 /* ViewController.swift */; };
		31C3EFF61ADCBE370065FC69 /* Main.storyboard in Resources */ = {isa = PBXBuildFile; fileRef = 31C3EFF41ADCBE370065FC69 /* Main.storyboard */; };
		31C3EFF81ADCBE370065FC69 /* Images.xcassets in Resources */ = {isa = PBXBuildFile; fileRef = 31C3EFF71ADCBE370065FC69 /* Images.xcassets */; };
		31C3EFFB1ADCBE370065FC69 /* LaunchScreen.xib in Resources */ = {isa = PBXBuildFile; fileRef = 31C3EFF91ADCBE370065FC69 /* LaunchScreen.xib */; };
		31C3F0071ADCBE380065FC69 /* ClickCounterTests.swift in Sources */ = {isa = PBXBuildFile; fileRef = 31C3F0061ADCBE380065FC69 /* ClickCounterTests.swift */; };
/* End PBXBuildFile section */

/* Begin PBXContainerItemProxy section */
		31C3F0011ADCBE380065FC69 /* PBXContainerItemProxy */ = {
			isa = PBXContainerItemProxy;
			containerPortal = 31C3EFE31ADCBE370065FC69 /* Project object */;
			proxyType = 1;
			remoteGlobalIDString = 31C3EFEA1ADCBE370065FC69;
			remoteInfo = ClickCounter;
		};
/* End PBXContainerItemProxy section */

/* Begin PBXFileReference section */
		31C3EFEB1ADCBE370065FC69 /* ClickCounter.app */ = {isa = PBXFileReference; explicitFileType = wrapper.application; includeInIndex = 0; path = ClickCounter.app; sourceTree = BUILT_PRODUCTS_DIR; };
		31C3EFEF1ADCBE370065FC69 /* Info.plist */ = {isa = PBXFileReference; lastKnownFileType = text.plist.xml; path = Info.plist; sourceTree = "<group>"; };
		31C3EFF01ADCBE370065FC69 /* AppDelegate.swift */ = {isa = PBXFileReference; lastKnownFileType = sourcecode.swift; path = AppDelegate.swift; sourceTree = "<group>"; };
		31C3EFF21ADCBE370065FC69 /* ViewController.swift */ = {isa = PBXFileReference; lastKnownFileType = sourcecode.swift; path = ViewController.swift; sourceTree = "<group>"; };
		31C3EFF51ADCBE370065FC69 /* Base */ = {isa = PBXFileReference; lastKnownFileType = file.storyboard; name = Base; path = Base.lproj/Main.storyboard; sourceTree = "<group>"; };
		31C3EFF71ADCBE370065FC69 /* Images.xcassets */ = {isa = PBXFileReference; lastKnownFileType = folder.assetcatalog; path = Images.xcassets; sourceTree = "<group>"; };
		31C3EFFA1ADCBE370065FC69 /* Base */ = {isa = PBXFileReference; lastKnownFileType = file.xib; name = Base; path = Base.lproj/LaunchScreen.xib; sourceTree = "<group>"; };
		31C3F0001ADCBE380065FC69 /* ClickCounterTests.xctest */ = {isa = PBXFileReference; explicitFileType = wrapper.cfbundle; includeInIndex = 0; path = ClickCounterTests.xctest; sourceTree = BUILT_PRODUCTS_DIR; };
		31C3F0051ADCBE380065FC69 /* Info.plist */ = {isa = PBXFileReference; lastKnownFileType = text.plist.xml; path = Info.plist; sourceTree = "<group>"; };
		31C3F0061ADCBE380065FC69 /* ClickCounterTests.swift */ = {isa = PBXFileReference; lastKnownFileType = sourcecode.swift; path = ClickCounterTests.swift; sourceTree = "<group>"; };
/* End PBXFileReference section */

/* Begin PBXFrameworksBuildPhase section */
		31C3EFE81ADCBE370065FC69 /* Frameworks */ = {
			isa = PBXFrameworksBuildPhase;
			buildActionMask = 2147483647;
			files = (
			);
			runOnlyForDeploymentPostprocessing = 0;
		};
		31C3EFFD1ADCBE380065FC69 /* Frameworks */ = {
			isa = PBXFrameworksBuildPhase;
			buildActionMask = 2147483647;
			files = (
			);
			runOnlyForDeploymentPostprocessing = 0;
		};
/* End PBXFrameworksBuildPhase section */

/* Begin PBXGroup section */
		31C3EFE21ADCBE370065FC69 = {
			isa = PBXGroup;
			children = (
				31C3EFED1ADCBE370065FC69 /* ClickCounter */,
				31C3F0031ADCBE380065FC69 /* ClickCounterTests */,
				31C3EFEC1ADCBE370065FC69 /* Products */,
			);
			sourceTree = "<group>";
		};
		31C3EFEC1ADCBE370065FC69 /* Products */ = {
			isa = PBXGroup;
			children = (
				31C3EFEB1ADCBE370065FC69 /* ClickCounter.app */,
				31C3F0001ADCBE380065FC69 /* ClickCounterTests.xctest */,
			);
			name = Products;
			sourceTree = "<group>";
		};
		31C3EFED1ADCBE370065FC69 /* ClickCounter */ = {
			isa = PBXGroup;
			children = (
				31C3EFF01ADCBE370065FC69 /* AppDelegate.swift */,
				31C3EFF21ADCBE370065FC69 /* ViewController.swift */,
				31C3EFF41ADCBE370065FC69 /* Main.storyboard */,
				31C3EFF71ADCBE370065FC69 /* Images.xcassets */,
				31C3EFF91ADCBE370065FC69 /* LaunchScreen.xib */,
				31C3EFEE1ADCBE370065FC69 /* Supporting Files */,
			);
			path = ClickCounter;
			sourceTree = "<group>";
		};
		31C3EFEE1ADCBE370065FC69 /* Supporting Files */ = {
			isa = PBXGroup;
			children = (
				31C3EFEF1ADCBE370065FC69 /* Info.plist */,
			);
			name = "Supporting Files";
			sourceTree = "<group>";
		};
		31C3F0031ADCBE380065FC69 /* ClickCounterTests */ = {
			isa = PBXGroup;
			children = (
				31C3F0061ADCBE380065FC69 /* ClickCounterTests.swift */,
				31C3F0041ADCBE380065FC69 /* Supporting Files */,
			);
			path = ClickCounterTests;
			sourceTree = "<group>";
		};
		31C3F0041ADCBE380065FC69 /* Supporting Files */ = {
			isa = PBXGroup;
			children = (
				31C3F0051ADCBE380065FC69 /* Info.plist */,
			);
			name = "Supporting Files";
			sourceTree = "<group>";
		};
/* End PBXGroup section */

/* Begin PBXNativeTarget section */
		31C3EFEA1ADCBE370065FC69 /* ClickCounter */ = {
			isa = PBXNativeTarget;
			buildConfigurationList = 31C3F00A1ADCBE380065FC69 /* Build configuration list for PBXNativeTarget "ClickCounter" */;
			buildPhases = (
				31C3EFE71ADCBE370065FC69 /* Sources */,
				31C3EFE81ADCBE370065FC69 /* Frameworks */,
				31C3EFE91ADCBE370065FC69 /* Resources */,
			);
			buildRules = (
			);
			dependencies = (
			);
			name = ClickCounter;
			productName = ClickCounter;
			productReference = 31C3EFEB1ADCBE370065FC69 /* ClickCounter.app */;
			productType = "com.apple.product-type.application";
		};
		31C3EFFF1ADCBE380065FC69 /* ClickCounterTests */ = {
			isa = PBXNativeTarget;
			buildConfigurationList = 31C3F00D1ADCBE380065FC69 /* Build configuration list for PBXNativeTarget "ClickCounterTests" */;
			buildPhases = (
				31C3EFFC1ADCBE380065FC69 /* Sources */,
				31C3EFFD1ADCBE380065FC69 /* Frameworks */,
				31C3EFFE1ADCBE380065FC69 /* Resources */,
			);
			buildRules = (
			);
			dependencies = (
				31C3F0021ADCBE380065FC69 /* PBXTargetDependency */,
			);
			name = ClickCounterTests;
			productName = ClickCounterTests;
			productReference = 31C3F0001ADCBE380065FC69 /* ClickCounterTests.xctest */;
			productType = "com.apple.product-type.bundle.unit-test";
		};
/* End PBXNativeTarget section */

/* Begin PBXProject section */
		31C3EFE31ADCBE370065FC69 /* Project object */ = {
			isa = PBXProject;
			attributes = {
				LastUpgradeCheck = 0630;
				ORGANIZATIONNAME = "Q software";
				TargetAttributes = {
					31C3EFEA1ADCBE370065FC69 = {
						CreatedOnToolsVersion = 6.3;
					};
					31C3EFFF1ADCBE380065FC69 = {
						CreatedOnToolsVersion = 6.3;
						TestTargetID = 31C3EFEA1ADCBE370065FC69;
					};
				};
			};
			buildConfigurationList = 31C3EFE61ADCBE370065FC69 /* Build configuration list for PBXProject "ClickCounter" */;
			compatibilityVersion = "Xcode 3.2";
			developmentRegion = English;
			hasScannedForEncodings = 0;
			knownRegions = (
				en,
				Base,
			);
			mainGroup = 31C3EFE21ADCBE370065FC69;
			productRefGroup = 31C3EFEC1ADCBE370065FC69 /* Products */;
			projectDirPath = "";
			projectRoot = "";
			targets = (
				31C3EFEA1ADCBE370065FC69 /* ClickCounter */,
				31C3EFFF1ADCBE380065FC69 /* ClickCounterTests */,
			);
		};
/* End PBXProject section */

/* Begin PBXResourcesBuildPhase section */
		31C3EFE91ADCBE370065FC69 /* Resources */ = {
			isa = PBXResourcesBuildPhase;
			buildActionMask = 2147483647;
			files = (
				31C3EFF61ADCBE370065FC69 /* Main.storyboard in Resources */,
				31C3EFFB1ADCBE370065FC69 /* LaunchScreen.xib in Resources */,
				31C3EFF81ADCBE370065FC69 /* Images.xcassets in Resources */,
			);
			runOnlyForDeploymentPostprocessing = 0;
		};
		31C3EFFE1ADCBE380065FC69 /* Resources */ = {
			isa = PBXResourcesBuildPhase;
			buildActionMask = 2147483647;
			files = (
			);
			runOnlyForDeploymentPostprocessing = 0;
		};
/* End PBXResourcesBuildPhase section */

/* Begin PBXSourcesBuildPhase section */
		31C3EFE71ADCBE370065FC69 /* Sources */ = {
			isa = PBXSourcesBuildPhase;
			buildActionMask = 2147483647;
			files = (
				31C3EFF31ADCBE370065FC69 /* ViewController.swift in Sources */,
				31C3EFF11ADCBE370065FC69 /* AppDelegate.swift in Sources */,
			);
			runOnlyForDeploymentPostprocessing = 0;
		};
		31C3EFFC1ADCBE380065FC69 /* Sources */ = {
			isa = PBXSourcesBuildPhase;
			buildActionMask = 2147483647;
			files = (
				31C3F0071ADCBE380065FC69 /* ClickCounterTests.swift in Sources */,
			);
			runOnlyForDeploymentPostprocessing = 0;
		};
/* End PBXSourcesBuildPhase section */

/* Begin PBXTargetDependency section */
		31C3F0021ADCBE380065FC69 /* PBXTargetDependency */ = {
			isa = PBXTargetDependency;
			target = 31C3EFEA1ADCBE370065FC69 /* ClickCounter */;
			targetProxy = 31C3F0011ADCBE380065FC69 /* PBXContainerItemProxy */;
		};
/* End PBXTargetDependency section */

/* Begin PBXVariantGroup section */
		31C3EFF41ADCBE370065FC69 /* Main.storyboard */ = {
			isa = PBXVariantGroup;
			children = (
				31C3EFF51ADCBE370065FC69 /* Base */,
			);
			name = Main.storyboard;
			sourceTree = "<group>";
		};
		31C3EFF91ADCBE370065FC69 /* LaunchScreen.xib */ = {
			isa = PBXVariantGroup;
			children = (
				31C3EFFA1ADCBE370065FC69 /* Base */,
			);
			name = LaunchScreen.xib;
			sourceTree = "<group>";
		};
/* End PBXVariantGroup section */

/* Begin XCBuildConfiguration section */
		31C3F0081ADCBE380065FC69 /* Debug */ = {
			isa = XCBuildConfiguration;
			buildSettings = {
				ALWAYS_SEARCH_USER_PATHS = NO;
				CLANG_CXX_LANGUAGE_STANDARD = "gnu++0x";
				CLANG_CXX_LIBRARY = "libc++";
				CLANG_ENABLE_MODULES = YES;
				CLANG_ENABLE_OBJC_ARC = YES;
				CLANG_WARN_BOOL_CONVERSION = YES;
				CLANG_WARN_CONSTANT_CONVERSION = YES;
				CLANG_WARN_DIRECT_OBJC_ISA_USAGE = YES_ERROR;
				CLANG_WARN_EMPTY_BODY = YES;
				CLANG_WARN_ENUM_CONVERSION = YES;
				CLANG_WARN_INT_CONVERSION = YES;
				CLANG_WARN_OBJC_ROOT_CLASS = YES_ERROR;
				CLANG_WARN_UNREACHABLE_CODE = YES;
				CLANG_WARN__DUPLICATE_METHOD_MATCH = YES;
				"CODE_SIGN_IDENTITY[sdk=iphoneos*]" = "iPhone Developer";
				COPY_PHASE_STRIP = NO;
				DEBUG_INFORMATION_FORMAT = "dwarf-with-dsym";
				ENABLE_STRICT_OBJC_MSGSEND = YES;
				GCC_C_LANGUAGE_STANDARD = gnu99;
				GCC_DYNAMIC_NO_PIC = NO;
				GCC_NO_COMMON_BLOCKS = YES;
				GCC_OPTIMIZATION_LEVEL = 0;
				GCC_PREPROCESSOR_DEFINITIONS = (
					"DEBUG=1",
					"$(inherited)",
				);
				GCC_SYMBOLS_PRIVATE_EXTERN = NO;
				GCC_WARN_64_TO_32_BIT_CONVERSION = YES;
				GCC_WARN_ABOUT_RETURN_TYPE = YES_ERROR;
				GCC_WARN_UNDECLARED_SELECTOR = YES;
				GCC_WARN_UNINITIALIZED_AUTOS = YES_AGGRESSIVE;
				GCC_WARN_UNUSED_FUNCTION = YES;
				GCC_WARN_UNUSED_VARIABLE = YES;
				IPHONEOS_DEPLOYMENT_TARGET = 8.3;
				MTL_ENABLE_DEBUG_INFO = YES;
				ONLY_ACTIVE_ARCH = YES;
				SDKROOT = iphoneos;
				SWIFT_OPTIMIZATION_LEVEL = "-Onone";
			};
			name = Debug;
		};
		31C3F0091ADCBE380065FC69 /* Release */ = {
			isa = XCBuildConfiguration;
			buildSettings = {
				ALWAYS_SEARCH_USER_PATHS = NO;
				CLANG_CXX_LANGUAGE_STANDARD = "gnu++0x";
				CLANG_CXX_LIBRARY = "libc++";
				CLANG_ENABLE_MODULES = YES;
				CLANG_ENABLE_OBJC_ARC = YES;
				CLANG_WARN_BOOL_CONVERSION = YES;
				CLANG_WARN_CONSTANT_CONVERSION = YES;
				CLANG_WARN_DIRECT_OBJC_ISA_USAGE = YES_ERROR;
				CLANG_WARN_EMPTY_BODY = YES;
				CLANG_WARN_ENUM_CONVERSION = YES;
				CLANG_WARN_INT_CONVERSION = YES;
				CLANG_WARN_OBJC_ROOT_CLASS = YES_ERROR;
				CLANG_WARN_UNREACHABLE_CODE = YES;
				CLANG_WARN__DUPLICATE_METHOD_MATCH = YES;
				"CODE_SIGN_IDENTITY[sdk=iphoneos*]" = "iPhone Developer";
				COPY_PHASE_STRIP = NO;
				DEBUG_INFORMATION_FORMAT = "dwarf-with-dsym";
				ENABLE_NS_ASSERTIONS = NO;
				ENABLE_STRICT_OBJC_MSGSEND = YES;
				GCC_C_LANGUAGE_STANDARD = gnu99;
				GCC_NO_COMMON_BLOCKS = YES;
				GCC_WARN_64_TO_32_BIT_CONVERSION = YES;
				GCC_WARN_ABOUT_RETURN_TYPE = YES_ERROR;
				GCC_WARN_UNDECLARED_SELECTOR = YES;
				GCC_WARN_UNINITIALIZED_AUTOS = YES_AGGRESSIVE;
				GCC_WARN_UNUSED_FUNCTION = YES;
				GCC_WARN_UNUSED_VARIABLE = YES;
				IPHONEOS_DEPLOYMENT_TARGET = 8.3;
				MTL_ENABLE_DEBUG_INFO = NO;
				SDKROOT = iphoneos;
				VALIDATE_PRODUCT = YES;
			};
			name = Release;
		};
		31C3F00B1ADCBE380065FC69 /* Debug */ = {
			isa = XCBuildConfiguration;
			buildSettings = {
				ASSETCATALOG_COMPILER_APPICON_NAME = AppIcon;
				INFOPLIST_FILE = ClickCounter/Info.plist;
				LD_RUNPATH_SEARCH_PATHS = "$(inherited) @executable_path/Frameworks";
				PRODUCT_NAME = "$(TARGET_NAME)";
			};
			name = Debug;
		};
		31C3F00C1ADCBE380065FC69 /* Release */ = {
			isa = XCBuildConfiguration;
			buildSettings = {
				ASSETCATALOG_COMPILER_APPICON_NAME = AppIcon;
				INFOPLIST_FILE = ClickCounter/Info.plist;
				LD_RUNPATH_SEARCH_PATHS = "$(inherited) @executable_path/Frameworks";
				PRODUCT_NAME = "$(TARGET_NAME)";
			};
			name = Release;
		};
		31C3F00E1ADCBE380065FC69 /* Debug */ = {
			isa = XCBuildConfiguration;
			buildSettings = {
				BUNDLE_LOADER = "$(TEST_HOST)";
				FRAMEWORK_SEARCH_PATHS = (
					"$(SDKROOT)/Developer/Library/Frameworks",
					"$(inherited)",
				);
				GCC_PREPROCESSOR_DEFINITIONS = (
					"DEBUG=1",
					"$(inherited)",
				);
				INFOPLIST_FILE = ClickCounterTests/Info.plist;
				LD_RUNPATH_SEARCH_PATHS = "$(inherited) @executable_path/Frameworks @loader_path/Frameworks";
				PRODUCT_NAME = "$(TARGET_NAME)";
				TEST_HOST = "$(BUILT_PRODUCTS_DIR)/ClickCounter.app/ClickCounter";
			};
			name = Debug;
		};
		31C3F00F1ADCBE380065FC69 /* Release */ = {
			isa = XCBuildConfiguration;
			buildSettings = {
				BUNDLE_LOADER = "$(TEST_HOST)";
				FRAMEWORK_SEARCH_PATHS = (
					"$(SDKROOT)/Developer/Library/Frameworks",
					"$(inherited)",
				);
				INFOPLIST_FILE = ClickCounterTests/Info.plist;
				LD_RUNPATH_SEARCH_PATHS = "$(inherited) @executable_path/Frameworks @loader_path/Frameworks";
				PRODUCT_NAME = "$(TARGET_NAME)";
				TEST_HOST = "$(BUILT_PRODUCTS_DIR)/ClickCounter.app/ClickCounter";
			};
			name = Release;
		};
/* End XCBuildConfiguration section */

/* Begin XCConfigurationList section */
		31C3EFE61ADCBE370065FC69 /* Build configuration list for PBXProject "ClickCounter" */ = {
			isa = XCConfigurationList;
			buildConfigurations = (
				31C3F0081ADCBE380065FC69 /* Debug */,
				31C3F0091ADCBE380065FC69 /* Release */,
			);
			defaultConfigurationIsVisible = 0;
			defaultConfigurationName = Release;
		};
		31C3F00A1ADCBE380065FC69 /* Build configuration list for PBXNativeTarget "ClickCounter" */ = {
			isa = XCConfigurationList;
			buildConfigurations = (
				31C3F00B1ADCBE380065FC69 /* Debug */,
				31C3F00C1ADCBE380065FC69 /* Release */,
			);
			defaultConfigurationIsVisible = 0;
		};
		31C3F00D1ADCBE380065FC69 /* Build configuration list for PBXNativeTarget "ClickCounterTests" */ = {
			isa = XCConfigurationList;
			buildConfigurations = (
				31C3F00E1ADCBE380065FC69 /* Debug */,
				31C3F00F1ADCBE380065FC69 /* Release */,
			);
			defaultConfigurationIsVisible = 0;
		};
/* End XCConfigurationList section */
	};
	rootObject = 31C3EFE31ADCBE370065FC69 /* Project object */;
}
